
Microsoft Visual Studio Solution File, Format Version 12.00
# Visual Studio Version 17
VisualStudioVersion = 17.14.36310.24
MinimumVisualStudioVersion = 10.0.40219.1
Project("{FAE04EC0-301F-11D3-BF4B-00C04F79EFBC}") = "wildrydes.net", "wildrydes.net\wildrydes.net.csproj", "{8C1B74D1-8170-4969-8103-6329505593FE}"
EndProject
Global
	GlobalSection(SolutionConfigurationPlatforms) = preSolution
		Debug|Any CPU = Debug|Any CPU
		Release|Any CPU = Release|Any CPU
	EndGlobalSection
	GlobalSection(ProjectConfigurationPlatforms) = postSolution
		{8C1B74D1-8170-4969-8103-6329505593FE}.Debug|Any CPU.ActiveCfg = Debug|Any CPU
		{8C1B74D1-8170-4969-8103-6329505593FE}.Debug|Any CPU.Build.0 = Debug|Any CPU
		{8C1B74D1-8170-4969-8103-6329505593FE}.Release|Any CPU.ActiveCfg = Release|Any CPU
		{8C1B74D1-8170-4969-8103-6329505593FE}.Release|Any CPU.Build.0 = Release|Any CPU
	EndGlobalSection
	GlobalSection(SolutionProperties) = preSolution
		HideSolutionNode = FALSE
	EndGlobalSection
	GlobalSection(ExtensibilityGlobals) = postSolution
		SolutionGuid = {1BEF6FDC-F8F2-4F0D-8EF3-B45F89ED32A8}
	EndGlobalSection
EndGlobal
